
Microsoft Visual Studio Solution File, Format Version 12.00
Project("{FAE04EC0-301F-11D3-BF4B-00C04F79EFBC}") = "Task1", "Task1.csproj", "{0AF239C9-ED93-4B31-A41E-0CBD0E534E3A}"
EndProject
Global
	GlobalSection(SolutionConfigurationPlatforms) = preSolution
		Debug|Any CPU = Debug|Any CPU
		Release|Any CPU = Release|Any CPU
	EndGlobalSection
	GlobalSection(ProjectConfigurationPlatforms) = postSolution
		{0AF239C9-ED93-4B31-A41E-0CBD0E534E3A}.Debug|Any CPU.ActiveCfg = Debug|Any CPU
		{0AF239C9-ED93-4B31-A41E-0CBD0E534E3A}.Debug|Any CPU.Build.0 = Debug|Any CPU
		{0AF239C9-ED93-4B31-A41E-0CBD0E534E3A}.Release|Any CPU.ActiveCfg = Release|Any CPU
		{0AF239C9-ED93-4B31-A41E-0CBD0E534E3A}.Release|Any CPU.Build.0 = Release|Any CPU
	EndGlobalSection
EndGlobal
